
Microsoft Visual Studio Solution File, Format Version 12.00
# Visual Studio 15
VisualStudioVersion = 15.0.28307.106
MinimumVisualStudioVersion = 10.0.40219.1
Project("{8BC9CEB8-8B4A-11D0-8D11-00A0C91BC942}") = "list_of_group_func", "list_of_group_func.vcxproj", "{8D1CF377-AD6C-4407-849B-69A3B827ABE8}"
EndProject
Global
	GlobalSection(SolutionConfigurationPlatforms) = preSolution
		Debug|x64 = Debug|x64
		Debug|x86 = Debug|x86
		Release|x64 = Release|x64
		Release|x86 = Release|x86
	EndGlobalSection
	GlobalSection(ProjectConfigurationPlatforms) = postSolution
		{8D1CF377-AD6C-4407-849B-69A3B827ABE8}.Debug|x64.ActiveCfg = Debug|x64
		{8D1CF377-AD6C-4407-849B-69A3B827ABE8}.Debug|x64.Build.0 = Debug|x64
		{8D1CF377-AD6C-4407-849B-69A3B827ABE8}.Debug|x86.ActiveCfg = Debug|Win32
		{8D1CF377-AD6C-4407-849B-69A3B827ABE8}.Debug|x86.Build.0 = Debug|Win32
		{8D1CF377-AD6C-4407-849B-69A3B827ABE8}.Release|x64.ActiveCfg = Release|x64
		{8D1CF377-AD6C-4407-849B-69A3B827ABE8}.Release|x64.Build.0 = Release|x64
		{8D1CF377-AD6C-4407-849B-69A3B827ABE8}.Release|x86.ActiveCfg = Release|Win32
		{8D1CF377-AD6C-4407-849B-69A3B827ABE8}.Release|x86.Build.0 = Release|Win32
	EndGlobalSection
	GlobalSection(SolutionProperties) = preSolution
		HideSolutionNode = FALSE
	EndGlobalSection
	GlobalSection(ExtensibilityGlobals) = postSolution
		SolutionGuid = {F081D249-95C2-4CF0-92A9-A4B29ED8265E}
	EndGlobalSection
EndGlobal
